
Microsoft Visual Studio Solution File, Format Version 12.00
# Visual Studio Version 17
VisualStudioVersion = 17.14.36121.58
MinimumVisualStudioVersion = 10.0.40219.1
Project("{FAE04EC0-301F-11D3-BF4B-00C04F79EFBC}") = "notification.engine", "src\notification.engine.csproj", "{7340A88E-4E89-FBAA-B8E1-ECCC447C00FC}"
EndProject
Project("{FAE04EC0-301F-11D3-BF4B-00C04F79EFBC}") = "notification.engine.test", "test\notification.engine.test\notification.engine.test.csproj", "{4FA5F05F-162F-4679-BCC3-1853C7E13AEF}"
EndProject
Project("{2150E333-8FDC-42A3-9474-1A3956D46DE8}") = "solution", "solution", "{02EA681E-C7D8-13C7-8484-4AC65E1B71E8}"
	ProjectSection(SolutionItems) = preProject
		README.md = README.md
	EndProjectSection
EndProject
Global
	GlobalSection(SolutionConfigurationPlatforms) = preSolution
		Debug|Any CPU = Debug|Any CPU
		Release|Any CPU = Release|Any CPU
	EndGlobalSection
	GlobalSection(ProjectConfigurationPlatforms) = postSolution
		{7340A88E-4E89-FBAA-B8E1-ECCC447C00FC}.Debug|Any CPU.ActiveCfg = Debug|Any CPU
		{7340A88E-4E89-FBAA-B8E1-ECCC447C00FC}.Debug|Any CPU.Build.0 = Debug|Any CPU
		{7340A88E-4E89-FBAA-B8E1-ECCC447C00FC}.Release|Any CPU.ActiveCfg = Release|Any CPU
		{7340A88E-4E89-FBAA-B8E1-ECCC447C00FC}.Release|Any CPU.Build.0 = Release|Any CPU
		{4FA5F05F-162F-4679-BCC3-1853C7E13AEF}.Debug|Any CPU.ActiveCfg = Debug|Any CPU
		{4FA5F05F-162F-4679-BCC3-1853C7E13AEF}.Debug|Any CPU.Build.0 = Debug|Any CPU
		{4FA5F05F-162F-4679-BCC3-1853C7E13AEF}.Release|Any CPU.ActiveCfg = Release|Any CPU
		{4FA5F05F-162F-4679-BCC3-1853C7E13AEF}.Release|Any CPU.Build.0 = Release|Any CPU
	EndGlobalSection
	GlobalSection(SolutionProperties) = preSolution
		HideSolutionNode = FALSE
	EndGlobalSection
	GlobalSection(ExtensibilityGlobals) = postSolution
		SolutionGuid = {09E3C7BE-7881-43E9-9D45-62BBB9CD1DBB}
	EndGlobalSection
EndGlobal
